
Microsoft Visual Studio Solution File, Format Version 12.00
# Visual Studio 14
VisualStudioVersion = 14.0.25420.1
MinimumVisualStudioVersion = 10.0.40219.1
Project("{FAE04EC0-301F-11D3-BF4B-00C04F79EFBC}") = "IronMan.UnitTests", "IronMan.UnitTests\IronMan.UnitTests.csproj", "{CE3B7AF8-E58D-46B8-B712-CB3F57A863A3}"
EndProject
Project("{FAE04EC0-301F-11D3-BF4B-00C04F79EFBC}") = "IronMan.Core", "IronMan.Core\IronMan.Core.csproj", "{3B2D44C6-B073-4E22-9228-4DABC55D9F20}"
EndProject
Project("{FAE04EC0-301F-11D3-BF4B-00C04F79EFBC}") = "IronMan.Weapons", "IronMan.Weapons\IronMan.Weapons.csproj", "{BC7D3973-91DB-4182-87AF-3128CD8D6692}"
EndProject
Project("{FAE04EC0-301F-11D3-BF4B-00C04F79EFBC}") = "IronMan.Jarvis", "IronMan.Jarvis\IronMan.Jarvis.csproj", "{873C28E0-E934-4CA8-B9BC-2E9E2E81C9E3}"
EndProject
Global
	GlobalSection(SolutionConfigurationPlatforms) = preSolution
		Debug|Any CPU = Debug|Any CPU
		Release|Any CPU = Release|Any CPU
	EndGlobalSection
	GlobalSection(ProjectConfigurationPlatforms) = postSolution
		{CE3B7AF8-E58D-46B8-B712-CB3F57A863A3}.Debug|Any CPU.ActiveCfg = Debug|Any CPU
		{CE3B7AF8-E58D-46B8-B712-CB3F57A863A3}.Debug|Any CPU.Build.0 = Debug|Any CPU
		{CE3B7AF8-E58D-46B8-B712-CB3F57A863A3}.Release|Any CPU.ActiveCfg = Release|Any CPU
		{CE3B7AF8-E58D-46B8-B712-CB3F57A863A3}.Release|Any CPU.Build.0 = Release|Any CPU
		{3B2D44C6-B073-4E22-9228-4DABC55D9F20}.Debug|Any CPU.ActiveCfg = Debug|Any CPU
		{3B2D44C6-B073-4E22-9228-4DABC55D9F20}.Debug|Any CPU.Build.0 = Debug|Any CPU
		{3B2D44C6-B073-4E22-9228-4DABC55D9F20}.Release|Any CPU.ActiveCfg = Release|Any CPU
		{3B2D44C6-B073-4E22-9228-4DABC55D9F20}.Release|Any CPU.Build.0 = Release|Any CPU
		{BC7D3973-91DB-4182-87AF-3128CD8D6692}.Debug|Any CPU.ActiveCfg = Debug|Any CPU
		{BC7D3973-91DB-4182-87AF-3128CD8D6692}.Debug|Any CPU.Build.0 = Debug|Any CPU
		{BC7D3973-91DB-4182-87AF-3128CD8D6692}.Release|Any CPU.ActiveCfg = Release|Any CPU
		{BC7D3973-91DB-4182-87AF-3128CD8D6692}.Release|Any CPU.Build.0 = Release|Any CPU
		{873C28E0-E934-4CA8-B9BC-2E9E2E81C9E3}.Debug|Any CPU.ActiveCfg = Debug|Any CPU
		{873C28E0-E934-4CA8-B9BC-2E9E2E81C9E3}.Debug|Any CPU.Build.0 = Debug|Any CPU
		{873C28E0-E934-4CA8-B9BC-2E9E2E81C9E3}.Release|Any CPU.ActiveCfg = Release|Any CPU
		{873C28E0-E934-4CA8-B9BC-2E9E2E81C9E3}.Release|Any CPU.Build.0 = Release|Any CPU
	EndGlobalSection
	GlobalSection(SolutionProperties) = preSolution
		HideSolutionNode = FALSE
	EndGlobalSection
EndGlobal
